// !$*UTF8*$!
{
	archiveVersion = 1;
	classes = {
	};
	objectVersion = 56;
	objects = {

/* Begin PBXBuildFile section */
		030C64162BDCD79700A3948F /* DetailsViewController.swift in Sources */ = {isa = PBXBuildFile; fileRef = 030C64142BDCD79700A3948F /* DetailsViewController.swift */; };
		030C64172BDCD79700A3948F /* DetailsViewController.xib in Resources */ = {isa = PBXBuildFile; fileRef = 030C64152BDCD79700A3948F /* DetailsViewController.xib */; };
		0375B9772BD8AF9F00CDBFC2 /* CoreDataProtocol.swift in Sources */ = {isa = PBXBuildFile; fileRef = 0375B9762BD8AF9F00CDBFC2 /* CoreDataProtocol.swift */; };
		0375B9792BD8B03C00CDBFC2 /* CoreDataImple.swift in Sources */ = {isa = PBXBuildFile; fileRef = 0375B9782BD8B03C00CDBFC2 /* CoreDataImple.swift */; };
		0375B97C2BD8D2BC00CDBFC2 /* LeaguesTableViewCell.swift in Sources */ = {isa = PBXBuildFile; fileRef = 0375B97A2BD8D2BC00CDBFC2 /* LeaguesTableViewCell.swift */; };
		0375B97D2BD8D2BC00CDBFC2 /* LeaguesTableViewCell.xib in Resources */ = {isa = PBXBuildFile; fileRef = 0375B97B2BD8D2BC00CDBFC2 /* LeaguesTableViewCell.xib */; };
		0377C98F2BDD687900A66AE8 /* DetailsProtocol.swift in Sources */ = {isa = PBXBuildFile; fileRef = 0377C98E2BDD687900A66AE8 /* DetailsProtocol.swift */; };
		0377C9912BDD688F00A66AE8 /* DetailsPresenter.swift in Sources */ = {isa = PBXBuildFile; fileRef = 0377C9902BDD688F00A66AE8 /* DetailsPresenter.swift */; };
		038242AB2BDD616A00CFF800 /* TeamCollectionViewCell.swift in Sources */ = {isa = PBXBuildFile; fileRef = 038242A92BDD616A00CFF800 /* TeamCollectionViewCell.swift */; };
		038242AC2BDD616A00CFF800 /* TeamCollectionViewCell.xib in Resources */ = {isa = PBXBuildFile; fileRef = 038242AA2BDD616A00CFF800 /* TeamCollectionViewCell.xib */; };
		039C20452BD8A1B100597170 /* CustomAppBar.xib in Resources */ = {isa = PBXBuildFile; fileRef = 039C20442BD8A1B100597170 /* CustomAppBar.xib */; };
		039C20472BD8A97800597170 /* FavouriteTableView.swift in Sources */ = {isa = PBXBuildFile; fileRef = 039C20462BD8A97800597170 /* FavouriteTableView.swift */; };
		03D8434C2BDD1C5E00F48CA1 /* DetailsCollection.swift in Sources */ = {isa = PBXBuildFile; fileRef = 03D8434B2BDD1C5E00F48CA1 /* DetailsCollection.swift */; };
		03D843512BDD1E4200F48CA1 /* MatchesCollectionViewCell.swift in Sources */ = {isa = PBXBuildFile; fileRef = 03D8434F2BDD1E4200F48CA1 /* MatchesCollectionViewCell.swift */; };
		03D843522BDD1E4200F48CA1 /* MatchesCollectionViewCell.xib in Resources */ = {isa = PBXBuildFile; fileRef = 03D843502BDD1E4200F48CA1 /* MatchesCollectionViewCell.xib */; };
		03E0EE8F2BD883FC00F56154 /* FavoutieViewController.swift in Sources */ = {isa = PBXBuildFile; fileRef = 03E0EE8D2BD883FC00F56154 /* FavoutieViewController.swift */; };
		03E0EE902BD883FC00F56154 /* FavoutieViewController.xib in Resources */ = {isa = PBXBuildFile; fileRef = 03E0EE8E2BD883FC00F56154 /* FavoutieViewController.xib */; };
		03E0EE932BD88E9200F56154 /* CustomAppBar.swift in Sources */ = {isa = PBXBuildFile; fileRef = 03E0EE922BD88E9200F56154 /* CustomAppBar.swift */; };
		8E851CE99964A27DDDA05E7C /* Pods_SportsSpot.framework in Frameworks */ = {isa = PBXBuildFile; fileRef = 6ED1230586D06A05C8A6DE0E /* Pods_SportsSpot.framework */; };
		A72719682BD6EDAA00F0328D /* LeagueDto.swift in Sources */ = {isa = PBXBuildFile; fileRef = A72719672BD6EDA900F0328D /* LeagueDto.swift */; };
		A727196C2BD6EF4100F0328D /* MainViewController.swift in Sources */ = {isa = PBXBuildFile; fileRef = A727196A2BD6EF4100F0328D /* MainViewController.swift */; };
		A727196D2BD6EF4100F0328D /* MainViewController.xib in Resources */ = {isa = PBXBuildFile; fileRef = A727196B2BD6EF4100F0328D /* MainViewController.xib */; };
		A72719702BD6F1B600F0328D /* TestNavViewController.swift in Sources */ = {isa = PBXBuildFile; fileRef = A727196E2BD6F1B600F0328D /* TestNavViewController.swift */; };
		A72719712BD6F1B600F0328D /* TestNavViewController.xib in Resources */ = {isa = PBXBuildFile; fileRef = A727196F2BD6F1B600F0328D /* TestNavViewController.xib */; };
		A72719732BD6F3AE00F0328D /* Network.swift in Sources */ = {isa = PBXBuildFile; fileRef = A72719722BD6F3AE00F0328D /* Network.swift */; };
		A72719752BD6FA2700F0328D /* FixturesDto.swift in Sources */ = {isa = PBXBuildFile; fileRef = A72719742BD6FA2700F0328D /* FixturesDto.swift */; };
		A72719782BD8375800F0328D /* MainViewCell.swift in Sources */ = {isa = PBXBuildFile; fileRef = A72719762BD8375800F0328D /* MainViewCell.swift */; };
		A72719792BD8375800F0328D /* MainViewCell.xib in Resources */ = {isa = PBXBuildFile; fileRef = A72719772BD8375800F0328D /* MainViewCell.xib */; };
		A769988C2BDADAB100820FBA /* LeaguePresenter.swift in Sources */ = {isa = PBXBuildFile; fileRef = A769988B2BDADAB100820FBA /* LeaguePresenter.swift */; };
		A769988E2BDADB8B00820FBA /* LeagueProtocal.swift in Sources */ = {isa = PBXBuildFile; fileRef = A769988D2BDADB8B00820FBA /* LeagueProtocal.swift */; };
		A76F00A42BDE65840024CD91 /* TeamDto.swift in Sources */ = {isa = PBXBuildFile; fileRef = A76F00A32BDE65840024CD91 /* TeamDto.swift */; };
		A76F00A62BDE669F0024CD91 /* PlayerDto.swift in Sources */ = {isa = PBXBuildFile; fileRef = A76F00A52BDE669F0024CD91 /* PlayerDto.swift */; };
		A76F00AD2BDE80320024CD91 /* TeamDetailsView.swift in Sources */ = {isa = PBXBuildFile; fileRef = A76F00AB2BDE80320024CD91 /* TeamDetailsView.swift */; };
		A76F00AE2BDE80320024CD91 /* TeamDetailsView.xib in Resources */ = {isa = PBXBuildFile; fileRef = A76F00AC2BDE80320024CD91 /* TeamDetailsView.xib */; };
		A76F00B02BDE80480024CD91 /* TeamDetailsPresenter.swift in Sources */ = {isa = PBXBuildFile; fileRef = A76F00AF2BDE80480024CD91 /* TeamDetailsPresenter.swift */; };
		A76F00B22BDE807D0024CD91 /* TeamDetailsProtocal.swift in Sources */ = {isa = PBXBuildFile; fileRef = A76F00B12BDE807D0024CD91 /* TeamDetailsProtocal.swift */; };
		A79A74732BDAAB8300490D3B /* LeagueTableViewController.swift in Sources */ = {isa = PBXBuildFile; fileRef = A79A74712BDAAB8300490D3B /* LeagueTableViewController.swift */; };
		A79A74742BDAAB8300490D3B /* LeagueTableViewController.xib in Resources */ = {isa = PBXBuildFile; fileRef = A79A74722BDAAB8300490D3B /* LeagueTableViewController.xib */; };
		A7E45EEC2BD6DB3100096F05 /* AppDelegate.swift in Sources */ = {isa = PBXBuildFile; fileRef = A7E45EEB2BD6DB3100096F05 /* AppDelegate.swift */; };
		A7E45EEE2BD6DB3100096F05 /* SceneDelegate.swift in Sources */ = {isa = PBXBuildFile; fileRef = A7E45EED2BD6DB3100096F05 /* SceneDelegate.swift */; };
		A7E45EF62BD6DB3100096F05 /* SportsSpot.xcdatamodeld in Sources */ = {isa = PBXBuildFile; fileRef = A7E45EF42BD6DB3100096F05 /* SportsSpot.xcdatamodeld */; };
		A7E45EF82BD6DB3400096F05 /* Assets.xcassets in Resources */ = {isa = PBXBuildFile; fileRef = A7E45EF72BD6DB3400096F05 /* Assets.xcassets */; };
		A7E45EFB2BD6DB3400096F05 /* LaunchScreen.storyboard in Resources */ = {isa = PBXBuildFile; fileRef = A7E45EF92BD6DB3400096F05 /* LaunchScreen.storyboard */; };
/* End PBXBuildFile section */

/* Begin PBXFileReference section */
		030C64142BDCD79700A3948F /* DetailsViewController.swift */ = {isa = PBXFileReference; lastKnownFileType = sourcecode.swift; path = DetailsViewController.swift; sourceTree = "<group>"; };
		030C64152BDCD79700A3948F /* DetailsViewController.xib */ = {isa = PBXFileReference; lastKnownFileType = file.xib; path = DetailsViewController.xib; sourceTree = "<group>"; };
		0375B9762BD8AF9F00CDBFC2 /* CoreDataProtocol.swift */ = {isa = PBXFileReference; lastKnownFileType = sourcecode.swift; path = CoreDataProtocol.swift; sourceTree = "<group>"; };
		0375B9782BD8B03C00CDBFC2 /* CoreDataImple.swift */ = {isa = PBXFileReference; lastKnownFileType = sourcecode.swift; path = CoreDataImple.swift; sourceTree = "<group>"; };
		0375B97A2BD8D2BC00CDBFC2 /* LeaguesTableViewCell.swift */ = {isa = PBXFileReference; lastKnownFileType = sourcecode.swift; path = LeaguesTableViewCell.swift; sourceTree = "<group>"; };
		0375B97B2BD8D2BC00CDBFC2 /* LeaguesTableViewCell.xib */ = {isa = PBXFileReference; lastKnownFileType = file.xib; path = LeaguesTableViewCell.xib; sourceTree = "<group>"; };
		0377C98E2BDD687900A66AE8 /* DetailsProtocol.swift */ = {isa = PBXFileReference; lastKnownFileType = sourcecode.swift; path = DetailsProtocol.swift; sourceTree = "<group>"; };
		0377C9902BDD688F00A66AE8 /* DetailsPresenter.swift */ = {isa = PBXFileReference; lastKnownFileType = sourcecode.swift; path = DetailsPresenter.swift; sourceTree = "<group>"; };
		038242A92BDD616A00CFF800 /* TeamCollectionViewCell.swift */ = {isa = PBXFileReference; lastKnownFileType = sourcecode.swift; path = TeamCollectionViewCell.swift; sourceTree = "<group>"; };
		038242AA2BDD616A00CFF800 /* TeamCollectionViewCell.xib */ = {isa = PBXFileReference; lastKnownFileType = file.xib; path = TeamCollectionViewCell.xib; sourceTree = "<group>"; };
		039C20442BD8A1B100597170 /* CustomAppBar.xib */ = {isa = PBXFileReference; fileEncoding = 4; lastKnownFileType = file.xib; path = CustomAppBar.xib; sourceTree = "<group>"; };
		039C20462BD8A97800597170 /* FavouriteTableView.swift */ = {isa = PBXFileReference; lastKnownFileType = sourcecode.swift; path = FavouriteTableView.swift; sourceTree = "<group>"; };
		03D8434B2BDD1C5E00F48CA1 /* DetailsCollection.swift */ = {isa = PBXFileReference; lastKnownFileType = sourcecode.swift; path = DetailsCollection.swift; sourceTree = "<group>"; };
		03D8434F2BDD1E4200F48CA1 /* MatchesCollectionViewCell.swift */ = {isa = PBXFileReference; lastKnownFileType = sourcecode.swift; path = MatchesCollectionViewCell.swift; sourceTree = "<group>"; };
		03D843502BDD1E4200F48CA1 /* MatchesCollectionViewCell.xib */ = {isa = PBXFileReference; lastKnownFileType = file.xib; path = MatchesCollectionViewCell.xib; sourceTree = "<group>"; };
		03E0EE8D2BD883FC00F56154 /* FavoutieViewController.swift */ = {isa = PBXFileReference; lastKnownFileType = sourcecode.swift; path = FavoutieViewController.swift; sourceTree = "<group>"; };
		03E0EE8E2BD883FC00F56154 /* FavoutieViewController.xib */ = {isa = PBXFileReference; lastKnownFileType = file.xib; path = FavoutieViewController.xib; sourceTree = "<group>"; };
		03E0EE922BD88E9200F56154 /* CustomAppBar.swift */ = {isa = PBXFileReference; lastKnownFileType = sourcecode.swift; path = CustomAppBar.swift; sourceTree = "<group>"; };
		6ED1230586D06A05C8A6DE0E /* Pods_SportsSpot.framework */ = {isa = PBXFileReference; explicitFileType = wrapper.framework; includeInIndex = 0; path = Pods_SportsSpot.framework; sourceTree = BUILT_PRODUCTS_DIR; };
		A72719672BD6EDA900F0328D /* LeagueDto.swift */ = {isa = PBXFileReference; lastKnownFileType = sourcecode.swift; path = LeagueDto.swift; sourceTree = "<group>"; };
		A727196A2BD6EF4100F0328D /* MainViewController.swift */ = {isa = PBXFileReference; lastKnownFileType = sourcecode.swift; path = MainViewController.swift; sourceTree = "<group>"; };
		A727196B2BD6EF4100F0328D /* MainViewController.xib */ = {isa = PBXFileReference; lastKnownFileType = file.xib; path = MainViewController.xib; sourceTree = "<group>"; };
		A727196E2BD6F1B600F0328D /* TestNavViewController.swift */ = {isa = PBXFileReference; lastKnownFileType = sourcecode.swift; path = TestNavViewController.swift; sourceTree = "<group>"; };
		A727196F2BD6F1B600F0328D /* TestNavViewController.xib */ = {isa = PBXFileReference; lastKnownFileType = file.xib; path = TestNavViewController.xib; sourceTree = "<group>"; };
		A72719722BD6F3AE00F0328D /* Network.swift */ = {isa = PBXFileReference; lastKnownFileType = sourcecode.swift; path = Network.swift; sourceTree = "<group>"; };
		A72719742BD6FA2700F0328D /* FixturesDto.swift */ = {isa = PBXFileReference; lastKnownFileType = sourcecode.swift; path = FixturesDto.swift; sourceTree = "<group>"; };
		A72719762BD8375800F0328D /* MainViewCell.swift */ = {isa = PBXFileReference; lastKnownFileType = sourcecode.swift; path = MainViewCell.swift; sourceTree = "<group>"; };
		A72719772BD8375800F0328D /* MainViewCell.xib */ = {isa = PBXFileReference; lastKnownFileType = file.xib; path = MainViewCell.xib; sourceTree = "<group>"; };
		A769988B2BDADAB100820FBA /* LeaguePresenter.swift */ = {isa = PBXFileReference; lastKnownFileType = sourcecode.swift; path = LeaguePresenter.swift; sourceTree = "<group>"; };
		A769988D2BDADB8B00820FBA /* LeagueProtocal.swift */ = {isa = PBXFileReference; lastKnownFileType = sourcecode.swift; path = LeagueProtocal.swift; sourceTree = "<group>"; };
		A76F00A32BDE65840024CD91 /* TeamDto.swift */ = {isa = PBXFileReference; lastKnownFileType = sourcecode.swift; path = TeamDto.swift; sourceTree = "<group>"; };
		A76F00A52BDE669F0024CD91 /* PlayerDto.swift */ = {isa = PBXFileReference; lastKnownFileType = sourcecode.swift; path = PlayerDto.swift; sourceTree = "<group>"; };
		A76F00AB2BDE80320024CD91 /* TeamDetailsView.swift */ = {isa = PBXFileReference; lastKnownFileType = sourcecode.swift; path = TeamDetailsView.swift; sourceTree = "<group>"; };
		A76F00AC2BDE80320024CD91 /* TeamDetailsView.xib */ = {isa = PBXFileReference; lastKnownFileType = file.xib; path = TeamDetailsView.xib; sourceTree = "<group>"; };
		A76F00AF2BDE80480024CD91 /* TeamDetailsPresenter.swift */ = {isa = PBXFileReference; lastKnownFileType = sourcecode.swift; path = TeamDetailsPresenter.swift; sourceTree = "<group>"; };
		A76F00B12BDE807D0024CD91 /* TeamDetailsProtocal.swift */ = {isa = PBXFileReference; lastKnownFileType = sourcecode.swift; path = TeamDetailsProtocal.swift; sourceTree = "<group>"; };
		A79A74712BDAAB8300490D3B /* LeagueTableViewController.swift */ = {isa = PBXFileReference; lastKnownFileType = sourcecode.swift; path = LeagueTableViewController.swift; sourceTree = "<group>"; };
		A79A74722BDAAB8300490D3B /* LeagueTableViewController.xib */ = {isa = PBXFileReference; lastKnownFileType = file.xib; path = LeagueTableViewController.xib; sourceTree = "<group>"; };
		A7E45EE82BD6DB3100096F05 /* SportsSpot.app */ = {isa = PBXFileReference; explicitFileType = wrapper.application; includeInIndex = 0; path = SportsSpot.app; sourceTree = BUILT_PRODUCTS_DIR; };
		A7E45EEB2BD6DB3100096F05 /* AppDelegate.swift */ = {isa = PBXFileReference; lastKnownFileType = sourcecode.swift; path = AppDelegate.swift; sourceTree = "<group>"; };
		A7E45EED2BD6DB3100096F05 /* SceneDelegate.swift */ = {isa = PBXFileReference; lastKnownFileType = sourcecode.swift; path = SceneDelegate.swift; sourceTree = "<group>"; };
		A7E45EF52BD6DB3100096F05 /* SportsSpot.xcdatamodel */ = {isa = PBXFileReference; lastKnownFileType = wrapper.xcdatamodel; path = SportsSpot.xcdatamodel; sourceTree = "<group>"; };
		A7E45EF72BD6DB3400096F05 /* Assets.xcassets */ = {isa = PBXFileReference; lastKnownFileType = folder.assetcatalog; path = Assets.xcassets; sourceTree = "<group>"; };
		A7E45EFA2BD6DB3400096F05 /* Base */ = {isa = PBXFileReference; lastKnownFileType = file.storyboard; name = Base; path = Base.lproj/LaunchScreen.storyboard; sourceTree = "<group>"; };
		A7E45EFC2BD6DB3400096F05 /* Info.plist */ = {isa = PBXFileReference; lastKnownFileType = text.plist.xml; path = Info.plist; sourceTree = "<group>"; };
		C4AA197AB0C418A6786811EC /* Pods-SportsSpot.release.xcconfig */ = {isa = PBXFileReference; includeInIndex = 1; lastKnownFileType = text.xcconfig; name = "Pods-SportsSpot.release.xcconfig"; path = "Target Support Files/Pods-SportsSpot/Pods-SportsSpot.release.xcconfig"; sourceTree = "<group>"; };
		E6E6EC59C3DABA5B0E9875B0 /* Pods-SportsSpot.debug.xcconfig */ = {isa = PBXFileReference; includeInIndex = 1; lastKnownFileType = text.xcconfig; name = "Pods-SportsSpot.debug.xcconfig"; path = "Target Support Files/Pods-SportsSpot/Pods-SportsSpot.debug.xcconfig"; sourceTree = "<group>"; };
/* End PBXFileReference section */

/* Begin PBXFrameworksBuildPhase section */
		A7E45EE52BD6DB3100096F05 /* Frameworks */ = {
			isa = PBXFrameworksBuildPhase;
			buildActionMask = 2147483647;
			files = (
				8E851CE99964A27DDDA05E7C /* Pods_SportsSpot.framework in Frameworks */,
			);
			runOnlyForDeploymentPostprocessing = 0;
		};
/* End PBXFrameworksBuildPhase section */

/* Begin PBXGroup section */
		030C640D2BDCC9EC00A3948F /* DetailsView */ = {
			isa = PBXGroup;
			children = (
				0377C98D2BDD686000A66AE8 /* Presenter */,
				0377C98C2BDD682B00A66AE8 /* view */,
			);
			path = DetailsView;
			sourceTree = "<group>";
		};
		0377C98C2BDD682B00A66AE8 /* view */ = {
			isa = PBXGroup;
			children = (
				03D8434B2BDD1C5E00F48CA1 /* DetailsCollection.swift */,
				030C64142BDCD79700A3948F /* DetailsViewController.swift */,
				030C64152BDCD79700A3948F /* DetailsViewController.xib */,
				03D8434F2BDD1E4200F48CA1 /* MatchesCollectionViewCell.swift */,
				03D843502BDD1E4200F48CA1 /* MatchesCollectionViewCell.xib */,
				038242A92BDD616A00CFF800 /* TeamCollectionViewCell.swift */,
				038242AA2BDD616A00CFF800 /* TeamCollectionViewCell.xib */,
			);
			path = view;
			sourceTree = "<group>";
		};
		0377C98D2BDD686000A66AE8 /* Presenter */ = {
			isa = PBXGroup;
			children = (
				0377C98E2BDD687900A66AE8 /* DetailsProtocol.swift */,
				0377C9902BDD688F00A66AE8 /* DetailsPresenter.swift */,
			);
			path = Presenter;
			sourceTree = "<group>";
		};
		039C20482BD8AA3700597170 /* CoreData */ = {
			isa = PBXGroup;
			children = (
				0375B9762BD8AF9F00CDBFC2 /* CoreDataProtocol.swift */,
				0375B9782BD8B03C00CDBFC2 /* CoreDataImple.swift */,
			);
			path = CoreData;
			sourceTree = "<group>";
		};
		03E0EE8C2BD883AA00F56154 /* FavouriteView */ = {
			isa = PBXGroup;
			children = (
				03E0EE8D2BD883FC00F56154 /* FavoutieViewController.swift */,
				03E0EE8E2BD883FC00F56154 /* FavoutieViewController.xib */,
				039C20462BD8A97800597170 /* FavouriteTableView.swift */,
				0375B97A2BD8D2BC00CDBFC2 /* LeaguesTableViewCell.swift */,
				0375B97B2BD8D2BC00CDBFC2 /* LeaguesTableViewCell.xib */,
			);
			path = FavouriteView;
			sourceTree = "<group>";
		};
		03E0EE912BD88E5700F56154 /* CustomAppBar */ = {
			isa = PBXGroup;
			children = (
				03E0EE922BD88E9200F56154 /* CustomAppBar.swift */,
				039C20442BD8A1B100597170 /* CustomAppBar.xib */,
			);
			path = CustomAppBar;
			sourceTree = "<group>";
		};
		65484E248C3ED487E70E6AB0 /* Frameworks */ = {
			isa = PBXGroup;
			children = (
				6ED1230586D06A05C8A6DE0E /* Pods_SportsSpot.framework */,
			);
			name = Frameworks;
			sourceTree = "<group>";
		};
		A72719692BD6EF2400F0328D /* MainView */ = {
			isa = PBXGroup;
			children = (
				A727196A2BD6EF4100F0328D /* MainViewController.swift */,
				A727196B2BD6EF4100F0328D /* MainViewController.xib */,
				A72719762BD8375800F0328D /* MainViewCell.swift */,
				A72719772BD8375800F0328D /* MainViewCell.xib */,
			);
			path = MainView;
			sourceTree = "<group>";
		};
		A76998892BDADA5400820FBA /* views */ = {
			isa = PBXGroup;
			children = (
				A79A74722BDAAB8300490D3B /* LeagueTableViewController.xib */,
				A79A74712BDAAB8300490D3B /* LeagueTableViewController.swift */,
			);
			path = views;
			sourceTree = "<group>";
		};
		A769988A2BDADA8700820FBA /* Presenter */ = {
			isa = PBXGroup;
			children = (
				A769988B2BDADAB100820FBA /* LeaguePresenter.swift */,
				A769988D2BDADB8B00820FBA /* LeagueProtocal.swift */,
			);
			path = Presenter;
			sourceTree = "<group>";
		};
		A76F00A82BDE7EC00024CD91 /* TeamDetails */ = {
			isa = PBXGroup;
			children = (
				A76F00A92BDE7ECE0024CD91 /* Presenter */,
				A76F00AA2BDE7EDE0024CD91 /* View */,
			);
			path = TeamDetails;
			sourceTree = "<group>";
		};
		A76F00A92BDE7ECE0024CD91 /* Presenter */ = {
			isa = PBXGroup;
			children = (
				A76F00AF2BDE80480024CD91 /* TeamDetailsPresenter.swift */,
				A76F00B12BDE807D0024CD91 /* TeamDetailsProtocal.swift */,
			);
			path = Presenter;
			sourceTree = "<group>";
		};
		A76F00AA2BDE7EDE0024CD91 /* View */ = {
			isa = PBXGroup;
			children = (
				A76F00AB2BDE80320024CD91 /* TeamDetailsView.swift */,
				A76F00AC2BDE80320024CD91 /* TeamDetailsView.xib */,
			);
			path = View;
			sourceTree = "<group>";
		};
		A79A74702BDAAB2900490D3B /* LeagueTable */ = {
			isa = PBXGroup;
			children = (
				A769988A2BDADA8700820FBA /* Presenter */,
				A76998892BDADA5400820FBA /* views */,
			);
			path = LeagueTable;
			sourceTree = "<group>";
		};
		A7E45EDF2BD6DB3100096F05 = {
			isa = PBXGroup;
			children = (
				A7E45EEA2BD6DB3100096F05 /* SportsSpot */,
				A7E45EE92BD6DB3100096F05 /* Products */,
				FF426B4254EA31B1ED9AF03F /* Pods */,
				65484E248C3ED487E70E6AB0 /* Frameworks */,
			);
			sourceTree = "<group>";
		};
		A7E45EE92BD6DB3100096F05 /* Products */ = {
			isa = PBXGroup;
			children = (
				A7E45EE82BD6DB3100096F05 /* SportsSpot.app */,
			);
			name = Products;
			sourceTree = "<group>";
		};
		A7E45EEA2BD6DB3100096F05 /* SportsSpot */ = {
			isa = PBXGroup;
			children = (
				A7E45F052BD6DDB600096F05 /* Models */,
				A7E45F042BD6DDA600096F05 /* Views */,
				A7E45EEB2BD6DB3100096F05 /* AppDelegate.swift */,
				A7E45EED2BD6DB3100096F05 /* SceneDelegate.swift */,
				A7E45EF72BD6DB3400096F05 /* Assets.xcassets */,
				A7E45EF92BD6DB3400096F05 /* LaunchScreen.storyboard */,
				A7E45EFC2BD6DB3400096F05 /* Info.plist */,
				A7E45EF42BD6DB3100096F05 /* SportsSpot.xcdatamodeld */,
			);
			path = SportsSpot;
			sourceTree = "<group>";
		};
		A7E45F022BD6DD5800096F05 /* NetWork */ = {
			isa = PBXGroup;
			children = (
				A72719722BD6F3AE00F0328D /* Network.swift */,
			);
			path = NetWork;
			sourceTree = "<group>";
		};
		A7E45F042BD6DDA600096F05 /* Views */ = {
			isa = PBXGroup;
			children = (
				A76F00A82BDE7EC00024CD91 /* TeamDetails */,
				030C640D2BDCC9EC00A3948F /* DetailsView */,
				A79A74702BDAAB2900490D3B /* LeagueTable */,
				039C20482BD8AA3700597170 /* CoreData */,
				03E0EE912BD88E5700F56154 /* CustomAppBar */,
				03E0EE8C2BD883AA00F56154 /* FavouriteView */,
				A72719692BD6EF2400F0328D /* MainView */,
				A727196E2BD6F1B600F0328D /* TestNavViewController.swift */,
				A727196F2BD6F1B600F0328D /* TestNavViewController.xib */,
			);
			path = Views;
			sourceTree = "<group>";
		};
		A7E45F052BD6DDB600096F05 /* Models */ = {
			isa = PBXGroup;
			children = (
				A7E45F022BD6DD5800096F05 /* NetWork */,
				A7E45F062BD6DDBE00096F05 /* Dtos */,
			);
			path = Models;
			sourceTree = "<group>";
		};
		A7E45F062BD6DDBE00096F05 /* Dtos */ = {
			isa = PBXGroup;
			children = (
				A72719672BD6EDA900F0328D /* LeagueDto.swift */,
				A72719742BD6FA2700F0328D /* FixturesDto.swift */,
				A76F00A32BDE65840024CD91 /* TeamDto.swift */,
				A76F00A52BDE669F0024CD91 /* PlayerDto.swift */,
			);
			path = Dtos;
			sourceTree = "<group>";
		};
		FF426B4254EA31B1ED9AF03F /* Pods */ = {
			isa = PBXGroup;
			children = (
				E6E6EC59C3DABA5B0E9875B0 /* Pods-SportsSpot.debug.xcconfig */,
				C4AA197AB0C418A6786811EC /* Pods-SportsSpot.release.xcconfig */,
			);
			path = Pods;
			sourceTree = "<group>";
		};
/* End PBXGroup section */

/* Begin PBXNativeTarget section */
		A7E45EE72BD6DB3100096F05 /* SportsSpot */ = {
			isa = PBXNativeTarget;
			buildConfigurationList = A7E45EFF2BD6DB3400096F05 /* Build configuration list for PBXNativeTarget "SportsSpot" */;
			buildPhases = (
				8DB8B141AE580FEED8260FE4 /* [CP] Check Pods Manifest.lock */,
				A7E45EE42BD6DB3100096F05 /* Sources */,
				A7E45EE52BD6DB3100096F05 /* Frameworks */,
				A7E45EE62BD6DB3100096F05 /* Resources */,
				1B1D2D582B2051BABDE241CB /* [CP] Embed Pods Frameworks */,
			);
			buildRules = (
			);
			dependencies = (
			);
			name = SportsSpot;
			productName = SportsSpot;
			productReference = A7E45EE82BD6DB3100096F05 /* SportsSpot.app */;
			productType = "com.apple.product-type.application";
		};
/* End PBXNativeTarget section */

/* Begin PBXProject section */
		A7E45EE02BD6DB3100096F05 /* Project object */ = {
			isa = PBXProject;
			attributes = {
				BuildIndependentTargetsInParallel = 1;
				LastSwiftUpdateCheck = 1420;
				LastUpgradeCheck = 1420;
				TargetAttributes = {
					A7E45EE72BD6DB3100096F05 = {
						CreatedOnToolsVersion = 14.2;
					};
				};
			};
			buildConfigurationList = A7E45EE32BD6DB3100096F05 /* Build configuration list for PBXProject "SportsSpot" */;
			compatibilityVersion = "Xcode 14.0";
			developmentRegion = en;
			hasScannedForEncodings = 0;
			knownRegions = (
				en,
				Base,
			);
			mainGroup = A7E45EDF2BD6DB3100096F05;
			productRefGroup = A7E45EE92BD6DB3100096F05 /* Products */;
			projectDirPath = "";
			projectRoot = "";
			targets = (
				A7E45EE72BD6DB3100096F05 /* SportsSpot */,
			);
		};
/* End PBXProject section */

/* Begin PBXResourcesBuildPhase section */
		A7E45EE62BD6DB3100096F05 /* Resources */ = {
			isa = PBXResourcesBuildPhase;
			buildActionMask = 2147483647;
			files = (
				0375B97D2BD8D2BC00CDBFC2 /* LeaguesTableViewCell.xib in Resources */,
				03D843522BDD1E4200F48CA1 /* MatchesCollectionViewCell.xib in Resources */,
				039C20452BD8A1B100597170 /* CustomAppBar.xib in Resources */,
				A7E45EFB2BD6DB3400096F05 /* LaunchScreen.storyboard in Resources */,
				A7E45EF82BD6DB3400096F05 /* Assets.xcassets in Resources */,
				A76F00AE2BDE80320024CD91 /* TeamDetailsView.xib in Resources */,
				03E0EE902BD883FC00F56154 /* FavoutieViewController.xib in Resources */,
				A72719712BD6F1B600F0328D /* TestNavViewController.xib in Resources */,
				A727196D2BD6EF4100F0328D /* MainViewController.xib in Resources */,
				030C64172BDCD79700A3948F /* DetailsViewController.xib in Resources */,
				038242AC2BDD616A00CFF800 /* TeamCollectionViewCell.xib in Resources */,
				A72719792BD8375800F0328D /* MainViewCell.xib in Resources */,
				A79A74742BDAAB8300490D3B /* LeagueTableViewController.xib in Resources */,
			);
			runOnlyForDeploymentPostprocessing = 0;
		};
/* End PBXResourcesBuildPhase section */

/* Begin PBXShellScriptBuildPhase section */
		1B1D2D582B2051BABDE241CB /* [CP] Embed Pods Frameworks */ = {
			isa = PBXShellScriptBuildPhase;
			buildActionMask = 2147483647;
			files = (
			);
			inputFileListPaths = (
				"${PODS_ROOT}/Target Support Files/Pods-SportsSpot/Pods-SportsSpot-frameworks-${CONFIGURATION}-input-files.xcfilelist",
			);
			name = "[CP] Embed Pods Frameworks";
			outputFileListPaths = (
				"${PODS_ROOT}/Target Support Files/Pods-SportsSpot/Pods-SportsSpot-frameworks-${CONFIGURATION}-output-files.xcfilelist",
			);
			runOnlyForDeploymentPostprocessing = 0;
			shellPath = /bin/sh;
			shellScript = "\"${PODS_ROOT}/Target Support Files/Pods-SportsSpot/Pods-SportsSpot-frameworks.sh\"\n";
			showEnvVarsInLog = 0;
		};
		8DB8B141AE580FEED8260FE4 /* [CP] Check Pods Manifest.lock */ = {
			isa = PBXShellScriptBuildPhase;
			buildActionMask = 2147483647;
			files = (
			);
			inputFileListPaths = (
			);
			inputPaths = (
				"${PODS_PODFILE_DIR_PATH}/Podfile.lock",
				"${PODS_ROOT}/Manifest.lock",
			);
			name = "[CP] Check Pods Manifest.lock";
			outputFileListPaths = (
			);
			outputPaths = (
				"$(DERIVED_FILE_DIR)/Pods-SportsSpot-checkManifestLockResult.txt",
			);
			runOnlyForDeploymentPostprocessing = 0;
			shellPath = /bin/sh;
			shellScript = "diff \"${PODS_PODFILE_DIR_PATH}/Podfile.lock\" \"${PODS_ROOT}/Manifest.lock\" > /dev/null\nif [ $? != 0 ] ; then\n    # print error to STDERR\n    echo \"error: The sandbox is not in sync with the Podfile.lock. Run 'pod install' or update your CocoaPods installation.\" >&2\n    exit 1\nfi\n# This output is used by Xcode 'outputs' to avoid re-running this script phase.\necho \"SUCCESS\" > \"${SCRIPT_OUTPUT_FILE_0}\"\n";
			showEnvVarsInLog = 0;
		};
/* End PBXShellScriptBuildPhase section */

/* Begin PBXSourcesBuildPhase section */
		A7E45EE42BD6DB3100096F05 /* Sources */ = {
			isa = PBXSourcesBuildPhase;
			buildActionMask = 2147483647;
			files = (
				A769988E2BDADB8B00820FBA /* LeagueProtocal.swift in Sources */,
				03E0EE932BD88E9200F56154 /* CustomAppBar.swift in Sources */,
				A76F00B02BDE80480024CD91 /* TeamDetailsPresenter.swift in Sources */,
				039C20472BD8A97800597170 /* FavouriteTableView.swift in Sources */,
				A76F00B22BDE807D0024CD91 /* TeamDetailsProtocal.swift in Sources */,
				A72719782BD8375800F0328D /* MainViewCell.swift in Sources */,
				A7E45EF62BD6DB3100096F05 /* SportsSpot.xcdatamodeld in Sources */,
				A79A74732BDAAB8300490D3B /* LeagueTableViewController.swift in Sources */,
				A76F00A62BDE669F0024CD91 /* PlayerDto.swift in Sources */,
				0377C98F2BDD687900A66AE8 /* DetailsProtocol.swift in Sources */,
				03E0EE8F2BD883FC00F56154 /* FavoutieViewController.swift in Sources */,
				A7E45EEC2BD6DB3100096F05 /* AppDelegate.swift in Sources */,
				A769988C2BDADAB100820FBA /* LeaguePresenter.swift in Sources */,
				A72719702BD6F1B600F0328D /* TestNavViewController.swift in Sources */,
				A76F00AD2BDE80320024CD91 /* TeamDetailsView.swift in Sources */,
				A72719752BD6FA2700F0328D /* FixturesDto.swift in Sources */,
				A727196C2BD6EF4100F0328D /* MainViewController.swift in Sources */,
				03D8434C2BDD1C5E00F48CA1 /* DetailsCollection.swift in Sources */,
				03D843512BDD1E4200F48CA1 /* MatchesCollectionViewCell.swift in Sources */,
				A7E45EEE2BD6DB3100096F05 /* SceneDelegate.swift in Sources */,
				030C64162BDCD79700A3948F /* DetailsViewController.swift in Sources */,
				A72719732BD6F3AE00F0328D /* Network.swift in Sources */,
				0375B97C2BD8D2BC00CDBFC2 /* LeaguesTableViewCell.swift in Sources */,
				0375B9772BD8AF9F00CDBFC2 /* CoreDataProtocol.swift in Sources */,
				038242AB2BDD616A00CFF800 /* TeamCollectionViewCell.swift in Sources */,
				A76F00A42BDE65840024CD91 /* TeamDto.swift in Sources */,
				0375B9792BD8B03C00CDBFC2 /* CoreDataImple.swift in Sources */,
				A72719682BD6EDAA00F0328D /* LeagueDto.swift in Sources */,
				0377C9912BDD688F00A66AE8 /* DetailsPresenter.swift in Sources */,
			);
			runOnlyForDeploymentPostprocessing = 0;
		};
/* End PBXSourcesBuildPhase section */

/* Begin PBXVariantGroup section */
		A7E45EF92BD6DB3400096F05 /* LaunchScreen.storyboard */ = {
			isa = PBXVariantGroup;
			children = (
				A7E45EFA2BD6DB3400096F05 /* Base */,
			);
			name = LaunchScreen.storyboard;
			sourceTree = "<group>";
		};
/* End PBXVariantGroup section */

/* Begin XCBuildConfiguration section */
		A7E45EFD2BD6DB3400096F05 /* Debug */ = {
			isa = XCBuildConfiguration;
			buildSettings = {
				ALWAYS_SEARCH_USER_PATHS = NO;
				CLANG_ANALYZER_NONNULL = YES;
				CLANG_ANALYZER_NUMBER_OBJECT_CONVERSION = YES_AGGRESSIVE;
				CLANG_CXX_LANGUAGE_STANDARD = "gnu++20";
				CLANG_ENABLE_MODULES = YES;
				CLANG_ENABLE_OBJC_ARC = YES;
				CLANG_ENABLE_OBJC_WEAK = YES;
				CLANG_WARN_BLOCK_CAPTURE_AUTORELEASING = YES;
				CLANG_WARN_BOOL_CONVERSION = YES;
				CLANG_WARN_COMMA = YES;
				CLANG_WARN_CONSTANT_CONVERSION = YES;
				CLANG_WARN_DEPRECATED_OBJC_IMPLEMENTATIONS = YES;
				CLANG_WARN_DIRECT_OBJC_ISA_USAGE = YES_ERROR;
				CLANG_WARN_DOCUMENTATION_COMMENTS = YES;
				CLANG_WARN_EMPTY_BODY = YES;
				CLANG_WARN_ENUM_CONVERSION = YES;
				CLANG_WARN_INFINITE_RECURSION = YES;
				CLANG_WARN_INT_CONVERSION = YES;
				CLANG_WARN_NON_LITERAL_NULL_CONVERSION = YES;
				CLANG_WARN_OBJC_IMPLICIT_RETAIN_SELF = YES;
				CLANG_WARN_OBJC_LITERAL_CONVERSION = YES;
				CLANG_WARN_OBJC_ROOT_CLASS = YES_ERROR;
				CLANG_WARN_QUOTED_INCLUDE_IN_FRAMEWORK_HEADER = YES;
				CLANG_WARN_RANGE_LOOP_ANALYSIS = YES;
				CLANG_WARN_STRICT_PROTOTYPES = YES;
				CLANG_WARN_SUSPICIOUS_MOVE = YES;
				CLANG_WARN_UNGUARDED_AVAILABILITY = YES_AGGRESSIVE;
				CLANG_WARN_UNREACHABLE_CODE = YES;
				CLANG_WARN__DUPLICATE_METHOD_MATCH = YES;
				COPY_PHASE_STRIP = NO;
				DEBUG_INFORMATION_FORMAT = dwarf;
				ENABLE_STRICT_OBJC_MSGSEND = YES;
				ENABLE_TESTABILITY = YES;
				GCC_C_LANGUAGE_STANDARD = gnu11;
				GCC_DYNAMIC_NO_PIC = NO;
				GCC_NO_COMMON_BLOCKS = YES;
				GCC_OPTIMIZATION_LEVEL = 0;
				GCC_PREPROCESSOR_DEFINITIONS = (
					"DEBUG=1",
					"$(inherited)",
				);
				GCC_WARN_64_TO_32_BIT_CONVERSION = YES;
				GCC_WARN_ABOUT_RETURN_TYPE = YES_ERROR;
				GCC_WARN_UNDECLARED_SELECTOR = YES;
				GCC_WARN_UNINITIALIZED_AUTOS = YES_AGGRESSIVE;
				GCC_WARN_UNUSED_FUNCTION = YES;
				GCC_WARN_UNUSED_VARIABLE = YES;
				IPHONEOS_DEPLOYMENT_TARGET = 16.2;
				MTL_ENABLE_DEBUG_INFO = INCLUDE_SOURCE;
				MTL_FAST_MATH = YES;
				ONLY_ACTIVE_ARCH = YES;
				SDKROOT = iphoneos;
				SWIFT_ACTIVE_COMPILATION_CONDITIONS = DEBUG;
				SWIFT_OPTIMIZATION_LEVEL = "-Onone";
			};
			name = Debug;
		};
		A7E45EFE2BD6DB3400096F05 /* Release */ = {
			isa = XCBuildConfiguration;
			buildSettings = {
				ALWAYS_SEARCH_USER_PATHS = NO;
				CLANG_ANALYZER_NONNULL = YES;
				CLANG_ANALYZER_NUMBER_OBJECT_CONVERSION = YES_AGGRESSIVE;
				CLANG_CXX_LANGUAGE_STANDARD = "gnu++20";
				CLANG_ENABLE_MODULES = YES;
				CLANG_ENABLE_OBJC_ARC = YES;
				CLANG_ENABLE_OBJC_WEAK = YES;
				CLANG_WARN_BLOCK_CAPTURE_AUTORELEASING = YES;
				CLANG_WARN_BOOL_CONVERSION = YES;
				CLANG_WARN_COMMA = YES;
				CLANG_WARN_CONSTANT_CONVERSION = YES;
				CLANG_WARN_DEPRECATED_OBJC_IMPLEMENTATIONS = YES;
				CLANG_WARN_DIRECT_OBJC_ISA_USAGE = YES_ERROR;
				CLANG_WARN_DOCUMENTATION_COMMENTS = YES;
				CLANG_WARN_EMPTY_BODY = YES;
				CLANG_WARN_ENUM_CONVERSION = YES;
				CLANG_WARN_INFINITE_RECURSION = YES;
				CLANG_WARN_INT_CONVERSION = YES;
				CLANG_WARN_NON_LITERAL_NULL_CONVERSION = YES;
				CLANG_WARN_OBJC_IMPLICIT_RETAIN_SELF = YES;
				CLANG_WARN_OBJC_LITERAL_CONVERSION = YES;
				CLANG_WARN_OBJC_ROOT_CLASS = YES_ERROR;
				CLANG_WARN_QUOTED_INCLUDE_IN_FRAMEWORK_HEADER = YES;
				CLANG_WARN_RANGE_LOOP_ANALYSIS = YES;
				CLANG_WARN_STRICT_PROTOTYPES = YES;
				CLANG_WARN_SUSPICIOUS_MOVE = YES;
				CLANG_WARN_UNGUARDED_AVAILABILITY = YES_AGGRESSIVE;
				CLANG_WARN_UNREACHABLE_CODE = YES;
				CLANG_WARN__DUPLICATE_METHOD_MATCH = YES;
				COPY_PHASE_STRIP = NO;
				DEBUG_INFORMATION_FORMAT = "dwarf-with-dsym";
				ENABLE_NS_ASSERTIONS = NO;
				ENABLE_STRICT_OBJC_MSGSEND = YES;
				GCC_C_LANGUAGE_STANDARD = gnu11;
				GCC_NO_COMMON_BLOCKS = YES;
				GCC_WARN_64_TO_32_BIT_CONVERSION = YES;
				GCC_WARN_ABOUT_RETURN_TYPE = YES_ERROR;
				GCC_WARN_UNDECLARED_SELECTOR = YES;
				GCC_WARN_UNINITIALIZED_AUTOS = YES_AGGRESSIVE;
				GCC_WARN_UNUSED_FUNCTION = YES;
				GCC_WARN_UNUSED_VARIABLE = YES;
				IPHONEOS_DEPLOYMENT_TARGET = 16.2;
				MTL_ENABLE_DEBUG_INFO = NO;
				MTL_FAST_MATH = YES;
				SDKROOT = iphoneos;
				SWIFT_COMPILATION_MODE = wholemodule;
				SWIFT_OPTIMIZATION_LEVEL = "-O";
				VALIDATE_PRODUCT = YES;
			};
			name = Release;
		};
		A7E45F002BD6DB3400096F05 /* Debug */ = {
			isa = XCBuildConfiguration;
			baseConfigurationReference = E6E6EC59C3DABA5B0E9875B0 /* Pods-SportsSpot.debug.xcconfig */;
			buildSettings = {
				ASSETCATALOG_COMPILER_APPICON_NAME = AppIcon;
				ASSETCATALOG_COMPILER_GLOBAL_ACCENT_COLOR_NAME = AccentColor;
				CODE_SIGN_STYLE = Automatic;
				CURRENT_PROJECT_VERSION = 1;
				GENERATE_INFOPLIST_FILE = YES;
				INFOPLIST_FILE = SportsSpot/Info.plist;
				INFOPLIST_KEY_UIApplicationSupportsIndirectInputEvents = YES;
				INFOPLIST_KEY_UILaunchStoryboardName = LaunchScreen;
				INFOPLIST_KEY_UISupportedInterfaceOrientations_iPad = "UIInterfaceOrientationPortrait UIInterfaceOrientationPortraitUpsideDown UIInterfaceOrientationLandscapeLeft UIInterfaceOrientationLandscapeRight";
				INFOPLIST_KEY_UISupportedInterfaceOrientations_iPhone = "UIInterfaceOrientationPortrait UIInterfaceOrientationLandscapeLeft UIInterfaceOrientationLandscapeRight";
				LD_RUNPATH_SEARCH_PATHS = (
					"$(inherited)",
					"@executable_path/Frameworks",
				);
				MARKETING_VERSION = 1.0;
				PRODUCT_BUNDLE_IDENTIFIER = iti.SportsSpot;
				PRODUCT_NAME = "$(TARGET_NAME)";
				SWIFT_EMIT_LOC_STRINGS = YES;
				SWIFT_VERSION = 5.0;
				TARGETED_DEVICE_FAMILY = "1,2";
			};
			name = Debug;
		};
		A7E45F012BD6DB3400096F05 /* Release */ = {
			isa = XCBuildConfiguration;
			baseConfigurationReference = C4AA197AB0C418A6786811EC /* Pods-SportsSpot.release.xcconfig */;
			buildSettings = {
				ASSETCATALOG_COMPILER_APPICON_NAME = AppIcon;
				ASSETCATALOG_COMPILER_GLOBAL_ACCENT_COLOR_NAME = AccentColor;
				CODE_SIGN_STYLE = Automatic;
				CURRENT_PROJECT_VERSION = 1;
				GENERATE_INFOPLIST_FILE = YES;
				INFOPLIST_FILE = SportsSpot/Info.plist;
				INFOPLIST_KEY_UIApplicationSupportsIndirectInputEvents = YES;
				INFOPLIST_KEY_UILaunchStoryboardName = LaunchScreen;
				INFOPLIST_KEY_UISupportedInterfaceOrientations_iPad = "UIInterfaceOrientationPortrait UIInterfaceOrientationPortraitUpsideDown UIInterfaceOrientationLandscapeLeft UIInterfaceOrientationLandscapeRight";
				INFOPLIST_KEY_UISupportedInterfaceOrientations_iPhone = "UIInterfaceOrientationPortrait UIInterfaceOrientationLandscapeLeft UIInterfaceOrientationLandscapeRight";
				LD_RUNPATH_SEARCH_PATHS = (
					"$(inherited)",
					"@executable_path/Frameworks",
				);
				MARKETING_VERSION = 1.0;
				PRODUCT_BUNDLE_IDENTIFIER = iti.SportsSpot;
				PRODUCT_NAME = "$(TARGET_NAME)";
				SWIFT_EMIT_LOC_STRINGS = YES;
				SWIFT_VERSION = 5.0;
				TARGETED_DEVICE_FAMILY = "1,2";
			};
			name = Release;
		};
/* End XCBuildConfiguration section */

/* Begin XCConfigurationList section */
		A7E45EE32BD6DB3100096F05 /* Build configuration list for PBXProject "SportsSpot" */ = {
			isa = XCConfigurationList;
			buildConfigurations = (
				A7E45EFD2BD6DB3400096F05 /* Debug */,
				A7E45EFE2BD6DB3400096F05 /* Release */,
			);
			defaultConfigurationIsVisible = 0;
			defaultConfigurationName = Release;
		};
		A7E45EFF2BD6DB3400096F05 /* Build configuration list for PBXNativeTarget "SportsSpot" */ = {
			isa = XCConfigurationList;
			buildConfigurations = (
				A7E45F002BD6DB3400096F05 /* Debug */,
				A7E45F012BD6DB3400096F05 /* Release */,
			);
			defaultConfigurationIsVisible = 0;
			defaultConfigurationName = Release;
		};
/* End XCConfigurationList section */

/* Begin XCVersionGroup section */
		A7E45EF42BD6DB3100096F05 /* SportsSpot.xcdatamodeld */ = {
			isa = XCVersionGroup;
			children = (
				A7E45EF52BD6DB3100096F05 /* SportsSpot.xcdatamodel */,
			);
			currentVersion = A7E45EF52BD6DB3100096F05 /* SportsSpot.xcdatamodel */;
			path = SportsSpot.xcdatamodeld;
			sourceTree = "<group>";
			versionGroupType = wrapper.xcdatamodel;
		};
/* End XCVersionGroup section */
	};
	rootObject = A7E45EE02BD6DB3100096F05 /* Project object */;
}
